<?xml version="1.0" encoding="utf-8"?>
<Project ToolsVersion="4.0" xmlns="http://schemas.microsoft.com/developer/msbuild/2003">
  <ItemGroup>
    <Filter Include="Source Files">
      <UniqueIdentifier>{4FC737F1-C7A5-4376-A066-2A32D752A2FF}</UniqueIdentifier>
      <Extensions>cpp;c;cc;cxx;def;odl;idl;hpj;bat;asm;asmx</Extensions>
    </Filter>
    <Filter Include="Header Files">
      <UniqueIdentifier>{93995380-89BD-4b04-88EB-625FBE52EBFB}</UniqueIdentifier>
      <Extensions>h;hpp;hxx;hm;inl;inc;xsd</Extensions>
    </Filter>
    <Filter Include="Resource Files">
      <UniqueIdentifier>{67DA6AB6-F800-4c08-8B7A-83BB121AAD01}</UniqueIdentifier>
      <Extensions>rc;ico;cur;bmp;dlg;rc2;rct;bin;rgs;gif;jpg;jpeg;jpe;resx;tiff;tif;png;wav;mfcribbon-ms</Extensions>
    </Filter>
    <Filter Include="instructions">
      <UniqueIdentifier>{072cc491-1c0e-4228-8755-a3c52dcf5c3d}</UniqueIdentifier>
    </Filter>
    <Filter Include="variants">
      <UniqueIdentifier>{ecc8cf5a-31fb-4d2e-b78e-642efaad2c18}</UniqueIdentifier>
    </Filter>
  </ItemGroup>
  <ItemGroup>
    <ClCompile Include="main.cpp">
      <Filter>Source Files</Filter>
    </ClCompile>
    <ClCompile Include="StackMachine.cpp">
      <Filter>Source Files</Filter>
    </ClCompile>
    <ClCompile Include="Instruction.cpp">
      <Filter>instructions</Filter>
    </ClCompile>
    <ClCompile Include="IntegerVariant.cpp">
      <Filter>variants</Filter>
    </ClCompile>
    <ClCompile Include="ReferenceVariant.cpp">
      <Filter>variants</Filter>
    </ClCompile>
    <ClCompile Include="Variant.cpp">
      <Filter>variants</Filter>
    </ClCompile>
    <ClCompile Include="FloatingVariant.cpp">
      <Filter>variants</Filter>
    </ClCompile>
    <ClCompile Include="BooleanVariant.cpp">
      <Filter>variants</Filter>
    </ClCompile>
    <ClCompile Include="CallFrame.cpp">
      <Filter>Source Files</Filter>
    </ClCompile>
    <ClCompile Include="NullVariant.cpp">
      <Filter>variants</Filter>
    </ClCompile>
    <ClCompile Include="NameStorage.cpp">
      <Filter>Source Files</Filter>
    </ClCompile>
    <ClCompile Include="FunctionVariant.cpp">
      <Filter>variants</Filter>
    </ClCompile>
    <ClCompile Include="UserFunctionVariant.cpp">
      <Filter>variants</Filter>
    </ClCompile>
    <ClCompile Include="BuiltinFunctionVariant.cpp">
      <Filter>variants</Filter>
    </ClCompile>
    <ClCompile Include="DataStack.cpp">
      <Filter>Source Files</Filter>
    </ClCompile>
    <ClCompile Include="ProgramLoader.cpp">
      <Filter>Source Files</Filter>
    </ClCompile>
  </ItemGroup>
  <ItemGroup>
    <ClInclude Include="StackMachine.h">
      <Filter>Header Files</Filter>
    </ClInclude>
    <ClInclude Include="Static.h">
      <Filter>Header Files</Filter>
    </ClInclude>
    <ClInclude Include="DataStack.h">
      <Filter>Header Files</Filter>
    </ClInclude>
    <ClInclude Include="operators.h">
      <Filter>instructions</Filter>
    </ClInclude>
    <ClInclude Include="Instruction.h">
      <Filter>instructions</Filter>
    </ClInclude>
    <ClInclude Include="IntegerVariant.h">
      <Filter>variants</Filter>
    </ClInclude>
    <ClInclude Include="ReferenceVariant.h">
      <Filter>variants</Filter>
    </ClInclude>
    <ClInclude Include="Variant.h">
      <Filter>variants</Filter>
    </ClInclude>
    <ClInclude Include="stack_instructions.h">
      <Filter>instructions</Filter>
    </ClInclude>
    <ClInclude Include="FloatingVariant.h">
      <Filter>variants</Filter>
    </ClInclude>
    <ClInclude Include="BooleanVariant.h">
      <Filter>variants</Filter>
    </ClInclude>
    <ClInclude Include="misc_instructions.h">
      <Filter>instructions</Filter>
    </ClInclude>
    <ClInclude Include="jump_instructions.h">
      <Filter>instructions</Filter>
    </ClInclude>
    <ClInclude Include="FastStack.h">
      <Filter>Header Files</Filter>
    </ClInclude>
    <ClInclude Include="CallFrame.h">
      <Filter>Header Files</Filter>
    </ClInclude>
    <ClInclude Include="NullVariant.h">
      <Filter>variants</Filter>
    </ClInclude>
    <ClInclude Include="NameStorage.h">
      <Filter>Header Files</Filter>
    </ClInclude>
    <ClInclude Include="FunctionVariant.h">
      <Filter>variants</Filter>
    </ClInclude>
    <ClInclude Include="BuiltinFunctionVariant.h">
      <Filter>variants</Filter>
    </ClInclude>
    <ClInclude Include="UserFunctionVariant.h">
      <Filter>variants</Filter>
    </ClInclude>
    <ClInclude Include="ProgramLoader.h">
      <Filter>Header Files</Filter>
    </ClInclude>
  </ItemGroup>
</Project>