<?xml version="1.0" encoding="utf-8"?>
<Project ToolsVersion="4.0" xmlns="http://schemas.microsoft.com/developer/msbuild/2003">
  <ItemGroup>
    <Filter Include="Resource Files">
      <UniqueIdentifier>{67DA6AB6-F800-4c08-8B7A-83BB121AAD01}</UniqueIdentifier>
      <Extensions>rc;ico;cur;bmp;dlg;rc2;rct;bin;rgs;gif;jpg;jpeg;jpe;resx;tiff;tif;png;wav;mfcribbon-ms</Extensions>
    </Filter>
    <Filter Include="instructions">
      <UniqueIdentifier>{072cc491-1c0e-4228-8755-a3c52dcf5c3d}</UniqueIdentifier>
    </Filter>
    <Filter Include="variants">
      <UniqueIdentifier>{ecc8cf5a-31fb-4d2e-b78e-642efaad2c18}</UniqueIdentifier>
    </Filter>
    <Filter Include="blocks">
      <UniqueIdentifier>{67935067-c1bc-4155-8cd3-f4ec4dd44726}</UniqueIdentifier>
    </Filter>
    <Filter Include="stacks">
      <UniqueIdentifier>{bbe8336a-5967-4f3b-a680-d924af5cdf74}</UniqueIdentifier>
    </Filter>
    <Filter Include="general">
      <UniqueIdentifier>{5eac65d7-3c21-4c35-9b96-b5e2edc72c49}</UniqueIdentifier>
    </Filter>
    <Filter Include="3rdParty">
      <UniqueIdentifier>{1bbfdca6-9afc-40bc-baaf-cf8f411f6621}</UniqueIdentifier>
    </Filter>
    <Filter Include="DllCall">
      <UniqueIdentifier>{42c28c0b-fcf9-4f9d-bc2b-5dc41f59e6fe}</UniqueIdentifier>
    </Filter>
  </ItemGroup>
  <ItemGroup>
    <ClCompile Include="Instruction.cpp">
      <Filter>instructions</Filter>
    </ClCompile>
    <ClCompile Include="Variant.cpp">
      <Filter>variants</Filter>
    </ClCompile>
    <ClCompile Include="FloatingVariant.cpp">
      <Filter>variants</Filter>
    </ClCompile>
    <ClCompile Include="BooleanVariant.cpp">
      <Filter>variants</Filter>
    </ClCompile>
    <ClCompile Include="NullVariant.cpp">
      <Filter>variants</Filter>
    </ClCompile>
    <ClCompile Include="FunctionVariant.cpp">
      <Filter>variants</Filter>
    </ClCompile>
    <ClCompile Include="UserFunctionVariant.cpp">
      <Filter>variants</Filter>
    </ClCompile>
    <ClCompile Include="BuiltinFunctionVariant.cpp">
      <Filter>variants</Filter>
    </ClCompile>
    <ClCompile Include="StringVariant.cpp">
      <Filter>variants</Filter>
    </ClCompile>
    <ClCompile Include="ListVariant.cpp">
      <Filter>variants</Filter>
    </ClCompile>
    <ClCompile Include="Integer64Variant.cpp">
      <Filter>variants</Filter>
    </ClCompile>
    <ClCompile Include="Integer32Variant.cpp">
      <Filter>variants</Filter>
    </ClCompile>
    <ClCompile Include="NameVariant.cpp">
      <Filter>variants</Filter>
    </ClCompile>
    <ClCompile Include="misc_instructions.cpp">
      <Filter>instructions</Filter>
    </ClCompile>
    <ClCompile Include="Block.cpp">
      <Filter>blocks</Filter>
    </ClCompile>
    <ClCompile Include="LoopBlock.cpp">
      <Filter>blocks</Filter>
    </ClCompile>
    <ClCompile Include="DataStack.cpp">
      <Filter>stacks</Filter>
    </ClCompile>
    <ClCompile Include="DefaultVariant.cpp">
      <Filter>variants</Filter>
    </ClCompile>
    <ClCompile Include="GeneralBlock.cpp">
      <Filter>blocks</Filter>
    </ClCompile>
    <ClCompile Include="main.cpp">
      <Filter>general</Filter>
    </ClCompile>
    <ClCompile Include="ProgramLoader.cpp">
      <Filter>general</Filter>
    </ClCompile>
    <ClCompile Include="StackMachine.cpp">
      <Filter>general</Filter>
    </ClCompile>
    <ClCompile Include="NameReferenceVariant.cpp">
      <Filter>variants</Filter>
    </ClCompile>
    <ClCompile Include="ContainerVariant.cpp">
      <Filter>variants</Filter>
    </ClCompile>
    <ClCompile Include="Scope.cpp">
      <Filter>variants</Filter>
    </ClCompile>
    <ClCompile Include="CallBlock.cpp">
      <Filter>blocks</Filter>
    </ClCompile>
    <ClCompile Include="BinaryVariant.cpp">
      <Filter>variants</Filter>
    </ClCompile>
    <ClCompile Include="HashMapVariant.cpp">
      <Filter>variants</Filter>
    </ClCompile>
    <ClCompile Include="IteratorVariant.cpp">
      <Filter>variants</Filter>
    </ClCompile>
    <ClCompile Include="DllCall.cpp">
      <Filter>DllCall</Filter>
    </ClCompile>
    <ClCompile Include="COMVar.cpp">
      <Filter>DllCall</Filter>
    </ClCompile>
    <ClCompile Include="HandleVariant.cpp">
      <Filter>variants</Filter>
    </ClCompile>
    <ClCompile Include="encode.cpp">
      <Filter>general</Filter>
    </ClCompile>
    <ClCompile Include="types.cpp">
      <Filter>general</Filter>
    </ClCompile>
  </ItemGroup>
  <ItemGroup>
    <ClInclude Include="operators.h">
      <Filter>instructions</Filter>
    </ClInclude>
    <ClInclude Include="Instruction.h">
      <Filter>instructions</Filter>
    </ClInclude>
    <ClInclude Include="Variant.h">
      <Filter>variants</Filter>
    </ClInclude>
    <ClInclude Include="stack_instructions.h">
      <Filter>instructions</Filter>
    </ClInclude>
    <ClInclude Include="FloatingVariant.h">
      <Filter>variants</Filter>
    </ClInclude>
    <ClInclude Include="BooleanVariant.h">
      <Filter>variants</Filter>
    </ClInclude>
    <ClInclude Include="misc_instructions.h">
      <Filter>instructions</Filter>
    </ClInclude>
    <ClInclude Include="jump_instructions.h">
      <Filter>instructions</Filter>
    </ClInclude>
    <ClInclude Include="NullVariant.h">
      <Filter>variants</Filter>
    </ClInclude>
    <ClInclude Include="FunctionVariant.h">
      <Filter>variants</Filter>
    </ClInclude>
    <ClInclude Include="BuiltinFunctionVariant.h">
      <Filter>variants</Filter>
    </ClInclude>
    <ClInclude Include="UserFunctionVariant.h">
      <Filter>variants</Filter>
    </ClInclude>
    <ClInclude Include="StringVariant.h">
      <Filter>variants</Filter>
    </ClInclude>
    <ClInclude Include="ListVariant.h">
      <Filter>variants</Filter>
    </ClInclude>
    <ClInclude Include="Integer64Variant.h">
      <Filter>variants</Filter>
    </ClInclude>
    <ClInclude Include="Integer32Variant.h">
      <Filter>variants</Filter>
    </ClInclude>
    <ClInclude Include="comparison_instructions.h">
      <Filter>instructions</Filter>
    </ClInclude>
    <ClInclude Include="NameVariant.h">
      <Filter>variants</Filter>
    </ClInclude>
    <ClInclude Include="Block.h">
      <Filter>blocks</Filter>
    </ClInclude>
    <ClInclude Include="LoopBlock.h">
      <Filter>blocks</Filter>
    </ClInclude>
    <ClInclude Include="FastStack.h">
      <Filter>stacks</Filter>
    </ClInclude>
    <ClInclude Include="DataStack.h">
      <Filter>stacks</Filter>
    </ClInclude>
    <ClInclude Include="BlockStack.h">
      <Filter>stacks</Filter>
    </ClInclude>
    <ClInclude Include="function_instructions.h">
      <Filter>instructions</Filter>
    </ClInclude>
    <ClInclude Include="DefaultVariant.h">
      <Filter>variants</Filter>
    </ClInclude>
    <ClInclude Include="GeneralBlock.h">
      <Filter>blocks</Filter>
    </ClInclude>
    <ClInclude Include="encode.h">
      <Filter>general</Filter>
    </ClInclude>
    <ClInclude Include="macro.h">
      <Filter>general</Filter>
    </ClInclude>
    <ClInclude Include="PooledObject.h">
      <Filter>general</Filter>
    </ClInclude>
    <ClInclude Include="ProgramLoader.h">
      <Filter>general</Filter>
    </ClInclude>
    <ClInclude Include="RuntimeError.h">
      <Filter>general</Filter>
    </ClInclude>
    <ClInclude Include="SimplePool.h">
      <Filter>general</Filter>
    </ClInclude>
    <ClInclude Include="StackMachine.h">
      <Filter>general</Filter>
    </ClInclude>
    <ClInclude Include="Static.h">
      <Filter>general</Filter>
    </ClInclude>
    <ClInclude Include="types.h">
      <Filter>general</Filter>
    </ClInclude>
    <ClInclude Include="NameReferenceVariant.h">
      <Filter>variants</Filter>
    </ClInclude>
    <ClInclude Include="ContainerVariant.h">
      <Filter>variants</Filter>
    </ClInclude>
    <ClInclude Include="Scope.h">
      <Filter>variants</Filter>
    </ClInclude>
    <ClInclude Include="CallBlock.h">
      <Filter>blocks</Filter>
    </ClInclude>
    <ClInclude Include="BinaryVariant.h">
      <Filter>variants</Filter>
    </ClInclude>
    <ClInclude Include="HashMapVariant.h">
      <Filter>variants</Filter>
    </ClInclude>
    <ClInclude Include="3rdparty\optionparser.h">
      <Filter>3rdParty</Filter>
    </ClInclude>
    <ClInclude Include="3rdparty\hsieh_hash.h">
      <Filter>3rdParty</Filter>
    </ClInclude>
    <ClInclude Include="IteratorVariant.h">
      <Filter>variants</Filter>
    </ClInclude>
    <ClInclude Include="DllCall.h">
      <Filter>DllCall</Filter>
    </ClInclude>
    <ClInclude Include="COMVar.h">
      <Filter>DllCall</Filter>
    </ClInclude>
    <ClInclude Include="HandleVariant.h">
      <Filter>variants</Filter>
    </ClInclude>
  </ItemGroup>
</Project>